
Microsoft Visual Studio Solution File, Format Version 12.00
# Visual Studio Version 16
VisualStudioVersion = 16.0.30717.126
MinimumVisualStudioVersion = 10.0.40219.1
Project("{FAE04EC0-301F-11D3-BF4B-00C04F79EFBC}") = "Opgave1", "Opgave1\Opgave1.csproj", "{B30070CA-E260-411C-8A84-CAEBBA97F7BB}"
EndProject
Project("{FAE04EC0-301F-11D3-BF4B-00C04F79EFBC}") = "Opgave2", "Opgave2\Opgave2.csproj", "{975DAA7A-3399-4D49-90A1-C5C12235C742}"
EndProject
Project("{FAE04EC0-301F-11D3-BF4B-00C04F79EFBC}") = "Opgave3", "Opgave3\Opgave3.csproj", "{0492CA76-A6AE-4DC6-846B-C4E8678D380A}"
EndProject
Global
	GlobalSection(SolutionConfigurationPlatforms) = preSolution
		Debug|Any CPU = Debug|Any CPU
		Release|Any CPU = Release|Any CPU
	EndGlobalSection
	GlobalSection(ProjectConfigurationPlatforms) = postSolution
		{B30070CA-E260-411C-8A84-CAEBBA97F7BB}.Debug|Any CPU.ActiveCfg = Debug|Any CPU
		{B30070CA-E260-411C-8A84-CAEBBA97F7BB}.Debug|Any CPU.Build.0 = Debug|Any CPU
		{B30070CA-E260-411C-8A84-CAEBBA97F7BB}.Release|Any CPU.ActiveCfg = Release|Any CPU
		{B30070CA-E260-411C-8A84-CAEBBA97F7BB}.Release|Any CPU.Build.0 = Release|Any CPU
		{975DAA7A-3399-4D49-90A1-C5C12235C742}.Debug|Any CPU.ActiveCfg = Debug|Any CPU
		{975DAA7A-3399-4D49-90A1-C5C12235C742}.Debug|Any CPU.Build.0 = Debug|Any CPU
		{975DAA7A-3399-4D49-90A1-C5C12235C742}.Release|Any CPU.ActiveCfg = Release|Any CPU
		{975DAA7A-3399-4D49-90A1-C5C12235C742}.Release|Any CPU.Build.0 = Release|Any CPU
		{0492CA76-A6AE-4DC6-846B-C4E8678D380A}.Debug|Any CPU.ActiveCfg = Debug|Any CPU
		{0492CA76-A6AE-4DC6-846B-C4E8678D380A}.Debug|Any CPU.Build.0 = Debug|Any CPU
		{0492CA76-A6AE-4DC6-846B-C4E8678D380A}.Release|Any CPU.ActiveCfg = Release|Any CPU
		{0492CA76-A6AE-4DC6-846B-C4E8678D380A}.Release|Any CPU.Build.0 = Release|Any CPU
	EndGlobalSection
	GlobalSection(SolutionProperties) = preSolution
		HideSolutionNode = FALSE
	EndGlobalSection
	GlobalSection(ExtensibilityGlobals) = postSolution
		SolutionGuid = {5CA3724F-5AEB-4117-ABA7-A2DC89E58B97}
	EndGlobalSection
EndGlobal
