
Microsoft Visual Studio Solution File, Format Version 12.00
# Visual Studio Version 16
VisualStudioVersion = 16.0.30503.244
MinimumVisualStudioVersion = 10.0.40219.1
Project("{9A19103F-16F7-4668-BE54-9A1E7A4F7556}") = "assignment0", "assignment0\assignment0.csproj", "{38878510-7961-481D-85C4-EE296B3561F8}"
EndProject
Project("{9A19103F-16F7-4668-BE54-9A1E7A4F7556}") = "assignment1", "assignment1\assignment1.csproj", "{778333A6-CAE0-4C8D-9CF7-9D3A770F499F}"
EndProject
Project("{9A19103F-16F7-4668-BE54-9A1E7A4F7556}") = "assignment2", "assignment2\assignment2.csproj", "{999092A5-4DA3-4E20-88EB-5A490C2121D8}"
EndProject
Project("{FAE04EC0-301F-11D3-BF4B-00C04F79EFBC}") = "assignment3", "assignment3\assignment3.csproj", "{C4074E0C-A838-4E3B-B521-AD48DA0089EC}"
EndProject
Global
	GlobalSection(SolutionConfigurationPlatforms) = preSolution
		Debug|Any CPU = Debug|Any CPU
		Release|Any CPU = Release|Any CPU
	EndGlobalSection
	GlobalSection(ProjectConfigurationPlatforms) = postSolution
		{38878510-7961-481D-85C4-EE296B3561F8}.Debug|Any CPU.ActiveCfg = Debug|Any CPU
		{38878510-7961-481D-85C4-EE296B3561F8}.Debug|Any CPU.Build.0 = Debug|Any CPU
		{38878510-7961-481D-85C4-EE296B3561F8}.Release|Any CPU.ActiveCfg = Release|Any CPU
		{38878510-7961-481D-85C4-EE296B3561F8}.Release|Any CPU.Build.0 = Release|Any CPU
		{778333A6-CAE0-4C8D-9CF7-9D3A770F499F}.Debug|Any CPU.ActiveCfg = Debug|Any CPU
		{778333A6-CAE0-4C8D-9CF7-9D3A770F499F}.Debug|Any CPU.Build.0 = Debug|Any CPU
		{778333A6-CAE0-4C8D-9CF7-9D3A770F499F}.Release|Any CPU.ActiveCfg = Release|Any CPU
		{778333A6-CAE0-4C8D-9CF7-9D3A770F499F}.Release|Any CPU.Build.0 = Release|Any CPU
		{999092A5-4DA3-4E20-88EB-5A490C2121D8}.Debug|Any CPU.ActiveCfg = Debug|Any CPU
		{999092A5-4DA3-4E20-88EB-5A490C2121D8}.Debug|Any CPU.Build.0 = Debug|Any CPU
		{999092A5-4DA3-4E20-88EB-5A490C2121D8}.Release|Any CPU.ActiveCfg = Release|Any CPU
		{999092A5-4DA3-4E20-88EB-5A490C2121D8}.Release|Any CPU.Build.0 = Release|Any CPU
		{C4074E0C-A838-4E3B-B521-AD48DA0089EC}.Debug|Any CPU.ActiveCfg = Debug|Any CPU
		{C4074E0C-A838-4E3B-B521-AD48DA0089EC}.Debug|Any CPU.Build.0 = Debug|Any CPU
		{C4074E0C-A838-4E3B-B521-AD48DA0089EC}.Release|Any CPU.ActiveCfg = Release|Any CPU
		{C4074E0C-A838-4E3B-B521-AD48DA0089EC}.Release|Any CPU.Build.0 = Release|Any CPU
	EndGlobalSection
	GlobalSection(SolutionProperties) = preSolution
		HideSolutionNode = FALSE
	EndGlobalSection
	GlobalSection(ExtensibilityGlobals) = postSolution
		SolutionGuid = {78D53851-7E69-44DB-BD64-C3F78E02EBB4}
	EndGlobalSection
EndGlobal
